
Microsoft Visual Studio Solution File, Format Version 12.00
# Visual Studio Version 17
VisualStudioVersion = 17.0.31903.59
MinimumVisualStudioVersion = 10.0.40219.1
Project("{FAE04EC0-301F-11D3-BF4B-00C04F79EFBC}") = "Enigma.Tests", "Enigma.Tests\Enigma.Tests.csproj", "{49E542F1-7E81-45BD-BD6F-75CC8B889A26}"
EndProject
Project("{FAE04EC0-301F-11D3-BF4B-00C04F79EFBC}") = "Enigma", "Enigma\Enigma.csproj", "{CD4E9663-10CF-4FBA-A29D-79EEA7F88848}"
EndProject
Global
	GlobalSection(SolutionConfigurationPlatforms) = preSolution
		Debug|Any CPU = Debug|Any CPU
		Release|Any CPU = Release|Any CPU
	EndGlobalSection
	GlobalSection(SolutionProperties) = preSolution
		HideSolutionNode = FALSE
	EndGlobalSection
	GlobalSection(ProjectConfigurationPlatforms) = postSolution
		{49E542F1-7E81-45BD-BD6F-75CC8B889A26}.Debug|Any CPU.ActiveCfg = Debug|Any CPU
		{49E542F1-7E81-45BD-BD6F-75CC8B889A26}.Debug|Any CPU.Build.0 = Debug|Any CPU
		{49E542F1-7E81-45BD-BD6F-75CC8B889A26}.Release|Any CPU.ActiveCfg = Release|Any CPU
		{49E542F1-7E81-45BD-BD6F-75CC8B889A26}.Release|Any CPU.Build.0 = Release|Any CPU
		{CD4E9663-10CF-4FBA-A29D-79EEA7F88848}.Debug|Any CPU.ActiveCfg = Debug|Any CPU
		{CD4E9663-10CF-4FBA-A29D-79EEA7F88848}.Debug|Any CPU.Build.0 = Debug|Any CPU
		{CD4E9663-10CF-4FBA-A29D-79EEA7F88848}.Release|Any CPU.ActiveCfg = Release|Any CPU
		{CD4E9663-10CF-4FBA-A29D-79EEA7F88848}.Release|Any CPU.Build.0 = Release|Any CPU
	EndGlobalSection
EndGlobal
